# @generated by Move, please check-in and do not edit manually.

[move]
version = 2
manifest_digest = "3061E64E5F2E4607DC3E5C85CD1FABA130E73040D5DE994F0E86F927AFF7EDF4"
deps_digest = "F8BBB0CCB2491CA29A3DF03D6F92277A4F3574266507ACD77214D37ECA3F3082"
dependencies = [
  { name = "Sui" },
]

[[move.package]]
name = "MoveStdlib"
source = { git = "https://github.com/MystenLabs/sui.git", rev = "framework/devnet", subdir = "crates/sui-framework/packages/move-stdlib" }

[[move.package]]
name = "Sui"
source = { git = "https://github.com/MystenLabs/sui.git", rev = "framework/devnet", subdir = "crates/sui-framework/packages/sui-framework" }

dependencies = [
  { name = "MoveStdlib" },
]

[move.toolchain-version]
compiler-version = "1.24.0"
edition = "2024.beta"
flavor = "sui"

[env]

[env.custom]
chain-id = "d29677eb"
original-published-id = "0xf65cbd54419e720996d4000db84aa21bfe938d4d3829dce15b8fed52a0181f33"
latest-published-id = "0xf65cbd54419e720996d4000db84aa21bfe938d4d3829dce15b8fed52a0181f33"
published-version = "1"
